
Microsoft Visual Studio Solution File, Format Version 12.00
# Visual Studio Version 17
VisualStudioVersion = 17.0.31903.59
MinimumVisualStudioVersion = 10.0.40219.1
Project("{FAE04EC0-301F-11D3-BF4B-00C04F79EFBC}") = "InsuranceClaims.Api", "InsuranceClaims.Api\InsuranceClaims.Api.csproj", "{8DA4E874-1598-44A6-89EF-BB9AC1623B9D}"
EndProject
Project("{FAE04EC0-301F-11D3-BF4B-00C04F79EFBC}") = "InsuranceClaims.Domain", "InsuranceClaims.Domain\InsuranceClaims.Domain.csproj", "{D24F76E5-F559-4B61-BECE-AE6A0476113D}"
EndProject
Project("{FAE04EC0-301F-11D3-BF4B-00C04F79EFBC}") = "InsuranceClaims.Application", "InsuranceClaims.Application\InsuranceClaims.Application.csproj", "{4B698BA4-554B-4829-9199-BCD787C3D438}"
EndProject
Project("{FAE04EC0-301F-11D3-BF4B-00C04F79EFBC}") = "InsuranceClaims.Infrastructure", "InsuranceClaims.Infrastructure\InsuranceClaims.Infrastructure.csproj", "{3D5637C1-36A3-48C1-81C5-14C00AD1A4D2}"
EndProject
Global
	GlobalSection(SolutionConfigurationPlatforms) = preSolution
		Debug|Any CPU = Debug|Any CPU
		Debug|x64 = Debug|x64
		Debug|x86 = Debug|x86
		Release|Any CPU = Release|Any CPU
		Release|x64 = Release|x64
		Release|x86 = Release|x86
	EndGlobalSection
	GlobalSection(ProjectConfigurationPlatforms) = postSolution
		{8DA4E874-1598-44A6-89EF-BB9AC1623B9D}.Debug|Any CPU.ActiveCfg = Debug|Any CPU
		{8DA4E874-1598-44A6-89EF-BB9AC1623B9D}.Debug|Any CPU.Build.0 = Debug|Any CPU
		{8DA4E874-1598-44A6-89EF-BB9AC1623B9D}.Debug|x64.ActiveCfg = Debug|Any CPU
		{8DA4E874-1598-44A6-89EF-BB9AC1623B9D}.Debug|x64.Build.0 = Debug|Any CPU
		{8DA4E874-1598-44A6-89EF-BB9AC1623B9D}.Debug|x86.ActiveCfg = Debug|Any CPU
		{8DA4E874-1598-44A6-89EF-BB9AC1623B9D}.Debug|x86.Build.0 = Debug|Any CPU
		{8DA4E874-1598-44A6-89EF-BB9AC1623B9D}.Release|Any CPU.ActiveCfg = Release|Any CPU
		{8DA4E874-1598-44A6-89EF-BB9AC1623B9D}.Release|Any CPU.Build.0 = Release|Any CPU
		{8DA4E874-1598-44A6-89EF-BB9AC1623B9D}.Release|x64.ActiveCfg = Release|Any CPU
		{8DA4E874-1598-44A6-89EF-BB9AC1623B9D}.Release|x64.Build.0 = Release|Any CPU
		{8DA4E874-1598-44A6-89EF-BB9AC1623B9D}.Release|x86.ActiveCfg = Release|Any CPU
		{8DA4E874-1598-44A6-89EF-BB9AC1623B9D}.Release|x86.Build.0 = Release|Any CPU
		{D24F76E5-F559-4B61-BECE-AE6A0476113D}.Debug|Any CPU.ActiveCfg = Debug|Any CPU
		{D24F76E5-F559-4B61-BECE-AE6A0476113D}.Debug|Any CPU.Build.0 = Debug|Any CPU
		{D24F76E5-F559-4B61-BECE-AE6A0476113D}.Debug|x64.ActiveCfg = Debug|Any CPU
		{D24F76E5-F559-4B61-BECE-AE6A0476113D}.Debug|x64.Build.0 = Debug|Any CPU
		{D24F76E5-F559-4B61-BECE-AE6A0476113D}.Debug|x86.ActiveCfg = Debug|Any CPU
		{D24F76E5-F559-4B61-BECE-AE6A0476113D}.Debug|x86.Build.0 = Debug|Any CPU
		{D24F76E5-F559-4B61-BECE-AE6A0476113D}.Release|Any CPU.ActiveCfg = Release|Any CPU
		{D24F76E5-F559-4B61-BECE-AE6A0476113D}.Release|Any CPU.Build.0 = Release|Any CPU
		{D24F76E5-F559-4B61-BECE-AE6A0476113D}.Release|x64.ActiveCfg = Release|Any CPU
		{D24F76E5-F559-4B61-BECE-AE6A0476113D}.Release|x64.Build.0 = Release|Any CPU
		{D24F76E5-F559-4B61-BECE-AE6A0476113D}.Release|x86.ActiveCfg = Release|Any CPU
		{D24F76E5-F559-4B61-BECE-AE6A0476113D}.Release|x86.Build.0 = Release|Any CPU
		{4B698BA4-554B-4829-9199-BCD787C3D438}.Debug|Any CPU.ActiveCfg = Debug|Any CPU
		{4B698BA4-554B-4829-9199-BCD787C3D438}.Debug|Any CPU.Build.0 = Debug|Any CPU
		{4B698BA4-554B-4829-9199-BCD787C3D438}.Debug|x64.ActiveCfg = Debug|Any CPU
		{4B698BA4-554B-4829-9199-BCD787C3D438}.Debug|x64.Build.0 = Debug|Any CPU
		{4B698BA4-554B-4829-9199-BCD787C3D438}.Debug|x86.ActiveCfg = Debug|Any CPU
		{4B698BA4-554B-4829-9199-BCD787C3D438}.Debug|x86.Build.0 = Debug|Any CPU
		{4B698BA4-554B-4829-9199-BCD787C3D438}.Release|Any CPU.ActiveCfg = Release|Any CPU
		{4B698BA4-554B-4829-9199-BCD787C3D438}.Release|Any CPU.Build.0 = Release|Any CPU
		{4B698BA4-554B-4829-9199-BCD787C3D438}.Release|x64.ActiveCfg = Release|Any CPU
		{4B698BA4-554B-4829-9199-BCD787C3D438}.Release|x64.Build.0 = Release|Any CPU
		{4B698BA4-554B-4829-9199-BCD787C3D438}.Release|x86.ActiveCfg = Release|Any CPU
		{4B698BA4-554B-4829-9199-BCD787C3D438}.Release|x86.Build.0 = Release|Any CPU
		{3D5637C1-36A3-48C1-81C5-14C00AD1A4D2}.Debug|Any CPU.ActiveCfg = Debug|Any CPU
		{3D5637C1-36A3-48C1-81C5-14C00AD1A4D2}.Debug|Any CPU.Build.0 = Debug|Any CPU
		{3D5637C1-36A3-48C1-81C5-14C00AD1A4D2}.Debug|x64.ActiveCfg = Debug|Any CPU
		{3D5637C1-36A3-48C1-81C5-14C00AD1A4D2}.Debug|x64.Build.0 = Debug|Any CPU
		{3D5637C1-36A3-48C1-81C5-14C00AD1A4D2}.Debug|x86.ActiveCfg = Debug|Any CPU
		{3D5637C1-36A3-48C1-81C5-14C00AD1A4D2}.Debug|x86.Build.0 = Debug|Any CPU
		{3D5637C1-36A3-48C1-81C5-14C00AD1A4D2}.Release|Any CPU.ActiveCfg = Release|Any CPU
		{3D5637C1-36A3-48C1-81C5-14C00AD1A4D2}.Release|Any CPU.Build.0 = Release|Any CPU
		{3D5637C1-36A3-48C1-81C5-14C00AD1A4D2}.Release|x64.ActiveCfg = Release|Any CPU
		{3D5637C1-36A3-48C1-81C5-14C00AD1A4D2}.Release|x64.Build.0 = Release|Any CPU
		{3D5637C1-36A3-48C1-81C5-14C00AD1A4D2}.Release|x86.ActiveCfg = Release|Any CPU
		{3D5637C1-36A3-48C1-81C5-14C00AD1A4D2}.Release|x86.Build.0 = Release|Any CPU
	EndGlobalSection
	GlobalSection(SolutionProperties) = preSolution
		HideSolutionNode = FALSE
	EndGlobalSection
EndGlobal
